// !$*UTF8*$!
{
	archiveVersion = 1;
	classes = {
	};
	objectVersion = 50;
	objects = {

/* Begin PBXBuildFile section */
		A3C9A0B6253E88560046A777 /* AppDelegate.swift in Sources */ = {isa = PBXBuildFile; fileRef = A3C9A0B5253E88560046A777 /* AppDelegate.swift */; };
		A3C9A0B9253E88560046A777 /* Main.storyboard in Resources */ = {isa = PBXBuildFile; fileRef = A3C9A0B7253E88560046A777 /* Main.storyboard */; };
		A3C9A0BB253E88560046A777 /* ViewController.swift in Sources */ = {isa = PBXBuildFile; fileRef = A3C9A0BA253E88560046A777 /* ViewController.swift */; };
		A3C9A0BD253E88570046A777 /* Assets.xcassets in Resources */ = {isa = PBXBuildFile; fileRef = A3C9A0BC253E88570046A777 /* Assets.xcassets */; };
		A3C9A0C8253E88570046A777 /* CanvasGrade__Tests.swift in Sources */ = {isa = PBXBuildFile; fileRef = A3C9A0C7253E88570046A777 /* CanvasGrade__Tests.swift */; };
		A3C9A0D3253E88570046A777 /* CanvasGrade__UITests.swift in Sources */ = {isa = PBXBuildFile; fileRef = A3C9A0D2253E88570046A777 /* CanvasGrade__UITests.swift */; };
		A3C9A0DA253E88570046A777 /* CanvasGrade++ Extension.appex in Embed App Extensions */ = {isa = PBXBuildFile; fileRef = A3C9A0D9253E88570046A777 /* CanvasGrade++ Extension.appex */; settings = {ATTRIBUTES = (RemoveHeadersOnCopy, ); }; };
		A3C9A0DF253E88570046A777 /* Cocoa.framework in Frameworks */ = {isa = PBXBuildFile; fileRef = A3C9A0DE253E88570046A777 /* Cocoa.framework */; };
		A3C9A0E2253E88570046A777 /* SafariWebExtensionHandler.swift in Sources */ = {isa = PBXBuildFile; fileRef = A3C9A0E1253E88570046A777 /* SafariWebExtensionHandler.swift */; };
		A3C9A0E5253E88570046A777 /* _locales in Resources */ = {isa = PBXBuildFile; fileRef = A3C9A0E4253E88570046A777 /* _locales */; };
		A3C9A0E7253E88570046A777 /* images in Resources */ = {isa = PBXBuildFile; fileRef = A3C9A0E6253E88570046A777 /* images */; };
		A3C9A0E9253E88570046A777 /* manifest.json in Resources */ = {isa = PBXBuildFile; fileRef = A3C9A0E8253E88570046A777 /* manifest.json */; };
		A3C9A0EB253E88570046A777 /* background.js in Resources */ = {isa = PBXBuildFile; fileRef = A3C9A0EA253E88570046A777 /* background.js */; };
		A3C9A0ED253E88570046A777 /* content.js in Resources */ = {isa = PBXBuildFile; fileRef = A3C9A0EC253E88570046A777 /* content.js */; };
		A3C9A0EF253E88570046A777 /* popup.html in Resources */ = {isa = PBXBuildFile; fileRef = A3C9A0EE253E88570046A777 /* popup.html */; };
		A3C9A0F1253E88570046A777 /* popup.css in Resources */ = {isa = PBXBuildFile; fileRef = A3C9A0F0253E88570046A777 /* popup.css */; };
		A3C9A0F3253E88570046A777 /* popup.js in Resources */ = {isa = PBXBuildFile; fileRef = A3C9A0F2253E88570046A777 /* popup.js */; };
/* End PBXBuildFile section */

/* Begin PBXContainerItemProxy section */
		A3C9A0C4253E88570046A777 /* PBXContainerItemProxy */ = {
			isa = PBXContainerItemProxy;
			containerPortal = A3C9A0A9253E88560046A777 /* Project object */;
			proxyType = 1;
			remoteGlobalIDString = A3C9A0B0253E88560046A777;
			remoteInfo = "CanvasGrade++";
		};
		A3C9A0CF253E88570046A777 /* PBXContainerItemProxy */ = {
			isa = PBXContainerItemProxy;
			containerPortal = A3C9A0A9253E88560046A777 /* Project object */;
			proxyType = 1;
			remoteGlobalIDString = A3C9A0B0253E88560046A777;
			remoteInfo = "CanvasGrade++";
		};
		A3C9A0DB253E88570046A777 /* PBXContainerItemProxy */ = {
			isa = PBXContainerItemProxy;
			containerPortal = A3C9A0A9253E88560046A777 /* Project object */;
			proxyType = 1;
			remoteGlobalIDString = A3C9A0D8253E88570046A777;
			remoteInfo = "CanvasGrade++ Extension";
		};
/* End PBXContainerItemProxy section */

/* Begin PBXCopyFilesBuildPhase section */
		A3C9A0FB253E88570046A777 /* Embed App Extensions */ = {
			isa = PBXCopyFilesBuildPhase;
			buildActionMask = 2147483647;
			dstPath = "";
			dstSubfolderSpec = 13;
			files = (
				A3C9A0DA253E88570046A777 /* CanvasGrade++ Extension.appex in Embed App Extensions */,
			);
			name = "Embed App Extensions";
			runOnlyForDeploymentPostprocessing = 0;
		};
/* End PBXCopyFilesBuildPhase section */

/* Begin PBXFileReference section */
		A3C9A0B1253E88560046A777 /* CanvasGrade++.app */ = {isa = PBXFileReference; explicitFileType = wrapper.application; includeInIndex = 0; path = "CanvasGrade++.app"; sourceTree = BUILT_PRODUCTS_DIR; };
		A3C9A0B4253E88560046A777 /* CanvasGrade__.entitlements */ = {isa = PBXFileReference; lastKnownFileType = text.plist.entitlements; path = CanvasGrade__.entitlements; sourceTree = "<group>"; };
		A3C9A0B5253E88560046A777 /* AppDelegate.swift */ = {isa = PBXFileReference; lastKnownFileType = sourcecode.swift; path = AppDelegate.swift; sourceTree = "<group>"; };
		A3C9A0B8253E88560046A777 /* Base */ = {isa = PBXFileReference; lastKnownFileType = file.storyboard; name = Base; path = Base.lproj/Main.storyboard; sourceTree = "<group>"; };
		A3C9A0BA253E88560046A777 /* ViewController.swift */ = {isa = PBXFileReference; lastKnownFileType = sourcecode.swift; path = ViewController.swift; sourceTree = "<group>"; };
		A3C9A0BC253E88570046A777 /* Assets.xcassets */ = {isa = PBXFileReference; lastKnownFileType = folder.assetcatalog; path = Assets.xcassets; sourceTree = "<group>"; };
		A3C9A0BE253E88570046A777 /* Info.plist */ = {isa = PBXFileReference; lastKnownFileType = text.plist.xml; path = Info.plist; sourceTree = "<group>"; };
		A3C9A0C3253E88570046A777 /* CanvasGrade++Tests.xctest */ = {isa = PBXFileReference; explicitFileType = wrapper.cfbundle; includeInIndex = 0; path = "CanvasGrade++Tests.xctest"; sourceTree = BUILT_PRODUCTS_DIR; };
		A3C9A0C7253E88570046A777 /* CanvasGrade__Tests.swift */ = {isa = PBXFileReference; lastKnownFileType = sourcecode.swift; path = CanvasGrade__Tests.swift; sourceTree = "<group>"; };
		A3C9A0C9253E88570046A777 /* Info.plist */ = {isa = PBXFileReference; lastKnownFileType = text.plist.xml; path = Info.plist; sourceTree = "<group>"; };
		A3C9A0CE253E88570046A777 /* CanvasGrade++UITests.xctest */ = {isa = PBXFileReference; explicitFileType = wrapper.cfbundle; includeInIndex = 0; path = "CanvasGrade++UITests.xctest"; sourceTree = BUILT_PRODUCTS_DIR; };
		A3C9A0D2253E88570046A777 /* CanvasGrade__UITests.swift */ = {isa = PBXFileReference; lastKnownFileType = sourcecode.swift; path = CanvasGrade__UITests.swift; sourceTree = "<group>"; };
		A3C9A0D4253E88570046A777 /* Info.plist */ = {isa = PBXFileReference; lastKnownFileType = text.plist.xml; path = Info.plist; sourceTree = "<group>"; };
		A3C9A0D9253E88570046A777 /* CanvasGrade++ Extension.appex */ = {isa = PBXFileReference; explicitFileType = "wrapper.app-extension"; includeInIndex = 0; path = "CanvasGrade++ Extension.appex"; sourceTree = BUILT_PRODUCTS_DIR; };
		A3C9A0DE253E88570046A777 /* Cocoa.framework */ = {isa = PBXFileReference; lastKnownFileType = wrapper.framework; name = Cocoa.framework; path = System/Library/Frameworks/Cocoa.framework; sourceTree = SDKROOT; };
		A3C9A0E1253E88570046A777 /* SafariWebExtensionHandler.swift */ = {isa = PBXFileReference; lastKnownFileType = sourcecode.swift; path = SafariWebExtensionHandler.swift; sourceTree = "<group>"; };
		A3C9A0E4253E88570046A777 /* _locales */ = {isa = PBXFileReference; lastKnownFileType = folder; path = _locales; sourceTree = "<group>"; };
		A3C9A0E6253E88570046A777 /* images */ = {isa = PBXFileReference; lastKnownFileType = folder; path = images; sourceTree = "<group>"; };
		A3C9A0E8253E88570046A777 /* manifest.json */ = {isa = PBXFileReference; lastKnownFileType = text.json; path = manifest.json; sourceTree = "<group>"; };
		A3C9A0EA253E88570046A777 /* background.js */ = {isa = PBXFileReference; lastKnownFileType = sourcecode.javascript; path = background.js; sourceTree = "<group>"; };
		A3C9A0EC253E88570046A777 /* content.js */ = {isa = PBXFileReference; lastKnownFileType = sourcecode.javascript; path = content.js; sourceTree = "<group>"; };
		A3C9A0EE253E88570046A777 /* popup.html */ = {isa = PBXFileReference; lastKnownFileType = text.html; path = popup.html; sourceTree = "<group>"; };
		A3C9A0F0253E88570046A777 /* popup.css */ = {isa = PBXFileReference; lastKnownFileType = text.css; path = popup.css; sourceTree = "<group>"; };
		A3C9A0F2253E88570046A777 /* popup.js */ = {isa = PBXFileReference; lastKnownFileType = sourcecode.javascript; path = popup.js; sourceTree = "<group>"; };
		A3C9A0F4253E88570046A777 /* Info.plist */ = {isa = PBXFileReference; lastKnownFileType = text.plist.xml; path = Info.plist; sourceTree = "<group>"; };
		A3C9A0F5253E88570046A777 /* CanvasGrade___Extension.entitlements */ = {isa = PBXFileReference; lastKnownFileType = text.plist.entitlements; path = "CanvasGrade___Extension.entitlements"; sourceTree = "<group>"; };
/* End PBXFileReference section */

/* Begin PBXFrameworksBuildPhase section */
		A3C9A0AE253E88560046A777 /* Frameworks */ = {
			isa = PBXFrameworksBuildPhase;
			buildActionMask = 2147483647;
			files = (
			);
			runOnlyForDeploymentPostprocessing = 0;
		};
		A3C9A0C0253E88570046A777 /* Frameworks */ = {
			isa = PBXFrameworksBuildPhase;
			buildActionMask = 2147483647;
			files = (
			);
			runOnlyForDeploymentPostprocessing = 0;
		};
		A3C9A0CB253E88570046A777 /* Frameworks */ = {
			isa = PBXFrameworksBuildPhase;
			buildActionMask = 2147483647;
			files = (
			);
			runOnlyForDeploymentPostprocessing = 0;
		};
		A3C9A0D6253E88570046A777 /* Frameworks */ = {
			isa = PBXFrameworksBuildPhase;
			buildActionMask = 2147483647;
			files = (
				A3C9A0DF253E88570046A777 /* Cocoa.framework in Frameworks */,
			);
			runOnlyForDeploymentPostprocessing = 0;
		};
/* End PBXFrameworksBuildPhase section */

/* Begin PBXGroup section */
		A3C9A0A8253E88560046A777 = {
			isa = PBXGroup;
			children = (
				A3C9A0B3253E88560046A777 /* CanvasGrade++ */,
				A3C9A0C6253E88570046A777 /* CanvasGrade++Tests */,
				A3C9A0D1253E88570046A777 /* CanvasGrade++UITests */,
				A3C9A0E0253E88570046A777 /* CanvasGrade++ Extension */,
				A3C9A0DD253E88570046A777 /* Frameworks */,
				A3C9A0B2253E88560046A777 /* Products */,
			);
			sourceTree = "<group>";
		};
		A3C9A0B2253E88560046A777 /* Products */ = {
			isa = PBXGroup;
			children = (
				A3C9A0B1253E88560046A777 /* CanvasGrade++.app */,
				A3C9A0C3253E88570046A777 /* CanvasGrade++Tests.xctest */,
				A3C9A0CE253E88570046A777 /* CanvasGrade++UITests.xctest */,
				A3C9A0D9253E88570046A777 /* CanvasGrade++ Extension.appex */,
			);
			name = Products;
			sourceTree = "<group>";
		};
		A3C9A0B3253E88560046A777 /* CanvasGrade++ */ = {
			isa = PBXGroup;
			children = (
				A3C9A0B4253E88560046A777 /* CanvasGrade__.entitlements */,
				A3C9A0B5253E88560046A777 /* AppDelegate.swift */,
				A3C9A0B7253E88560046A777 /* Main.storyboard */,
				A3C9A0BA253E88560046A777 /* ViewController.swift */,
				A3C9A0BC253E88570046A777 /* Assets.xcassets */,
				A3C9A0BE253E88570046A777 /* Info.plist */,
			);
			path = "CanvasGrade++";
			sourceTree = "<group>";
		};
		A3C9A0C6253E88570046A777 /* CanvasGrade++Tests */ = {
			isa = PBXGroup;
			children = (
				A3C9A0C7253E88570046A777 /* CanvasGrade__Tests.swift */,
				A3C9A0C9253E88570046A777 /* Info.plist */,
			);
			path = "CanvasGrade++Tests";
			sourceTree = "<group>";
		};
		A3C9A0D1253E88570046A777 /* CanvasGrade++UITests */ = {
			isa = PBXGroup;
			children = (
				A3C9A0D2253E88570046A777 /* CanvasGrade__UITests.swift */,
				A3C9A0D4253E88570046A777 /* Info.plist */,
			);
			path = "CanvasGrade++UITests";
			sourceTree = "<group>";
		};
		A3C9A0DD253E88570046A777 /* Frameworks */ = {
			isa = PBXGroup;
			children = (
				A3C9A0DE253E88570046A777 /* Cocoa.framework */,
			);
			name = Frameworks;
			sourceTree = "<group>";
		};
		A3C9A0E0253E88570046A777 /* CanvasGrade++ Extension */ = {
			isa = PBXGroup;
			children = (
				A3C9A0E1253E88570046A777 /* SafariWebExtensionHandler.swift */,
				A3C9A0F4253E88570046A777 /* Info.plist */,
				A3C9A0F5253E88570046A777 /* CanvasGrade___Extension.entitlements */,
				A3C9A0E3253E88570046A777 /* Resources */,
			);
			path = "CanvasGrade++ Extension";
			sourceTree = "<group>";
		};
		A3C9A0E3253E88570046A777 /* Resources */ = {
			isa = PBXGroup;
			children = (
				A3C9A0E4253E88570046A777 /* _locales */,
				A3C9A0E6253E88570046A777 /* images */,
				A3C9A0E8253E88570046A777 /* manifest.json */,
				A3C9A0EA253E88570046A777 /* background.js */,
				A3C9A0EC253E88570046A777 /* content.js */,
				A3C9A0EE253E88570046A777 /* popup.html */,
				A3C9A0F0253E88570046A777 /* popup.css */,
				A3C9A0F2253E88570046A777 /* popup.js */,
			);
			path = Resources;
			sourceTree = "<group>";
		};
/* End PBXGroup section */

/* Begin PBXNativeTarget section */
		A3C9A0B0253E88560046A777 /* CanvasGrade++ */ = {
			isa = PBXNativeTarget;
			buildConfigurationList = A3C9A0FC253E88570046A777 /* Build configuration list for PBXNativeTarget "CanvasGrade++" */;
			buildPhases = (
				A3C9A0AD253E88560046A777 /* Sources */,
				A3C9A0AE253E88560046A777 /* Frameworks */,
				A3C9A0AF253E88560046A777 /* Resources */,
				A3C9A0FB253E88570046A777 /* Embed App Extensions */,
			);
			buildRules = (
			);
			dependencies = (
				A3C9A0DC253E88570046A777 /* PBXTargetDependency */,
			);
			name = "CanvasGrade++";
			productName = "CanvasGrade++";
			productReference = A3C9A0B1253E88560046A777 /* CanvasGrade++.app */;
			productType = "com.apple.product-type.application";
		};
		A3C9A0C2253E88570046A777 /* CanvasGrade++Tests */ = {
			isa = PBXNativeTarget;
			buildConfigurationList = A3C9A0FF253E88570046A777 /* Build configuration list for PBXNativeTarget "CanvasGrade++Tests" */;
			buildPhases = (
				A3C9A0BF253E88570046A777 /* Sources */,
				A3C9A0C0253E88570046A777 /* Frameworks */,
				A3C9A0C1253E88570046A777 /* Resources */,
			);
			buildRules = (
			);
			dependencies = (
				A3C9A0C5253E88570046A777 /* PBXTargetDependency */,
			);
			name = "CanvasGrade++Tests";
			productName = "CanvasGrade++Tests";
			productReference = A3C9A0C3253E88570046A777 /* CanvasGrade++Tests.xctest */;
			productType = "com.apple.product-type.bundle.unit-test";
		};
		A3C9A0CD253E88570046A777 /* CanvasGrade++UITests */ = {
			isa = PBXNativeTarget;
			buildConfigurationList = A3C9A102253E88570046A777 /* Build configuration list for PBXNativeTarget "CanvasGrade++UITests" */;
			buildPhases = (
				A3C9A0CA253E88570046A777 /* Sources */,
				A3C9A0CB253E88570046A777 /* Frameworks */,
				A3C9A0CC253E88570046A777 /* Resources */,
			);
			buildRules = (
			);
			dependencies = (
				A3C9A0D0253E88570046A777 /* PBXTargetDependency */,
			);
			name = "CanvasGrade++UITests";
			productName = "CanvasGrade++UITests";
			productReference = A3C9A0CE253E88570046A777 /* CanvasGrade++UITests.xctest */;
			productType = "com.apple.product-type.bundle.ui-testing";
		};
		A3C9A0D8253E88570046A777 /* CanvasGrade++ Extension */ = {
			isa = PBXNativeTarget;
			buildConfigurationList = A3C9A0F8253E88570046A777 /* Build configuration list for PBXNativeTarget "CanvasGrade++ Extension" */;
			buildPhases = (
				A3C9A0D5253E88570046A777 /* Sources */,
				A3C9A0D6253E88570046A777 /* Frameworks */,
				A3C9A0D7253E88570046A777 /* Resources */,
			);
			buildRules = (
			);
			dependencies = (
			);
			name = "CanvasGrade++ Extension";
			productName = "CanvasGrade++ Extension";
			productReference = A3C9A0D9253E88570046A777 /* CanvasGrade++ Extension.appex */;
			productType = "com.apple.product-type.app-extension";
		};
/* End PBXNativeTarget section */

/* Begin PBXProject section */
		A3C9A0A9253E88560046A777 /* Project object */ = {
			isa = PBXProject;
			attributes = {
				LastSwiftUpdateCheck = 1200;
				LastUpgradeCheck = 1200;
				TargetAttributes = {
					A3C9A0B0253E88560046A777 = {
						CreatedOnToolsVersion = 12.0.1;
					};
					A3C9A0C2253E88570046A777 = {
						CreatedOnToolsVersion = 12.0.1;
						TestTargetID = A3C9A0B0253E88560046A777;
					};
					A3C9A0CD253E88570046A777 = {
						CreatedOnToolsVersion = 12.0.1;
						TestTargetID = A3C9A0B0253E88560046A777;
					};
					A3C9A0D8253E88570046A777 = {
						CreatedOnToolsVersion = 12.0.1;
					};
				};
			};
			buildConfigurationList = A3C9A0AC253E88560046A777 /* Build configuration list for PBXProject "CanvasGrade++" */;
			compatibilityVersion = "Xcode 9.3";
			developmentRegion = en;
			hasScannedForEncodings = 0;
			knownRegions = (
				en,
				Base,
			);
			mainGroup = A3C9A0A8253E88560046A777;
			productRefGroup = A3C9A0B2253E88560046A777 /* Products */;
			projectDirPath = "";
			projectRoot = "";
			targets = (
				A3C9A0B0253E88560046A777 /* CanvasGrade++ */,
				A3C9A0C2253E88570046A777 /* CanvasGrade++Tests */,
				A3C9A0CD253E88570046A777 /* CanvasGrade++UITests */,
				A3C9A0D8253E88570046A777 /* CanvasGrade++ Extension */,
			);
		};
/* End PBXProject section */

/* Begin PBXResourcesBuildPhase section */
		A3C9A0AF253E88560046A777 /* Resources */ = {
			isa = PBXResourcesBuildPhase;
			buildActionMask = 2147483647;
			files = (
				A3C9A0BD253E88570046A777 /* Assets.xcassets in Resources */,
				A3C9A0B9253E88560046A777 /* Main.storyboard in Resources */,
			);
			runOnlyForDeploymentPostprocessing = 0;
		};
		A3C9A0C1253E88570046A777 /* Resources */ = {
			isa = PBXResourcesBuildPhase;
			buildActionMask = 2147483647;
			files = (
			);
			runOnlyForDeploymentPostprocessing = 0;
		};
		A3C9A0CC253E88570046A777 /* Resources */ = {
			isa = PBXResourcesBuildPhase;
			buildActionMask = 2147483647;
			files = (
			);
			runOnlyForDeploymentPostprocessing = 0;
		};
		A3C9A0D7253E88570046A777 /* Resources */ = {
			isa = PBXResourcesBuildPhase;
			buildActionMask = 2147483647;
			files = (
				A3C9A0EB253E88570046A777 /* background.js in Resources */,
				A3C9A0F1253E88570046A777 /* popup.css in Resources */,
				A3C9A0EF253E88570046A777 /* popup.html in Resources */,
				A3C9A0E7253E88570046A777 /* images in Resources */,
				A3C9A0E9253E88570046A777 /* manifest.json in Resources */,
				A3C9A0E5253E88570046A777 /* _locales in Resources */,
				A3C9A0ED253E88570046A777 /* content.js in Resources */,
				A3C9A0F3253E88570046A777 /* popup.js in Resources */,
			);
			runOnlyForDeploymentPostprocessing = 0;
		};
/* End PBXResourcesBuildPhase section */

/* Begin PBXSourcesBuildPhase section */
		A3C9A0AD253E88560046A777 /* Sources */ = {
			isa = PBXSourcesBuildPhase;
			buildActionMask = 2147483647;
			files = (
				A3C9A0BB253E88560046A777 /* ViewController.swift in Sources */,
				A3C9A0B6253E88560046A777 /* AppDelegate.swift in Sources */,
			);
			runOnlyForDeploymentPostprocessing = 0;
		};
		A3C9A0BF253E88570046A777 /* Sources */ = {
			isa = PBXSourcesBuildPhase;
			buildActionMask = 2147483647;
			files = (
				A3C9A0C8253E88570046A777 /* CanvasGrade__Tests.swift in Sources */,
			);
			runOnlyForDeploymentPostprocessing = 0;
		};
		A3C9A0CA253E88570046A777 /* Sources */ = {
			isa = PBXSourcesBuildPhase;
			buildActionMask = 2147483647;
			files = (
				A3C9A0D3253E88570046A777 /* CanvasGrade__UITests.swift in Sources */,
			);
			runOnlyForDeploymentPostprocessing = 0;
		};
		A3C9A0D5253E88570046A777 /* Sources */ = {
			isa = PBXSourcesBuildPhase;
			buildActionMask = 2147483647;
			files = (
				A3C9A0E2253E88570046A777 /* SafariWebExtensionHandler.swift in Sources */,
			);
			runOnlyForDeploymentPostprocessing = 0;
		};
/* End PBXSourcesBuildPhase section */

/* Begin PBXTargetDependency section */
		A3C9A0C5253E88570046A777 /* PBXTargetDependency */ = {
			isa = PBXTargetDependency;
			target = A3C9A0B0253E88560046A777 /* CanvasGrade++ */;
			targetProxy = A3C9A0C4253E88570046A777 /* PBXContainerItemProxy */;
		};
		A3C9A0D0253E88570046A777 /* PBXTargetDependency */ = {
			isa = PBXTargetDependency;
			target = A3C9A0B0253E88560046A777 /* CanvasGrade++ */;
			targetProxy = A3C9A0CF253E88570046A777 /* PBXContainerItemProxy */;
		};
		A3C9A0DC253E88570046A777 /* PBXTargetDependency */ = {
			isa = PBXTargetDependency;
			target = A3C9A0D8253E88570046A777 /* CanvasGrade++ Extension */;
			targetProxy = A3C9A0DB253E88570046A777 /* PBXContainerItemProxy */;
		};
/* End PBXTargetDependency section */

/* Begin PBXVariantGroup section */
		A3C9A0B7253E88560046A777 /* Main.storyboard */ = {
			isa = PBXVariantGroup;
			children = (
				A3C9A0B8253E88560046A777 /* Base */,
			);
			name = Main.storyboard;
			sourceTree = "<group>";
		};
/* End PBXVariantGroup section */

/* Begin XCBuildConfiguration section */
		A3C9A0F6253E88570046A777 /* Debug */ = {
			isa = XCBuildConfiguration;
			buildSettings = {
				ALWAYS_SEARCH_USER_PATHS = NO;
				CLANG_ANALYZER_NONNULL = YES;
				CLANG_ANALYZER_NUMBER_OBJECT_CONVERSION = YES_AGGRESSIVE;
				CLANG_CXX_LANGUAGE_STANDARD = "gnu++14";
				CLANG_CXX_LIBRARY = "libc++";
				CLANG_ENABLE_MODULES = YES;
				CLANG_ENABLE_OBJC_ARC = YES;
				CLANG_ENABLE_OBJC_WEAK = YES;
				CLANG_WARN_BLOCK_CAPTURE_AUTORELEASING = YES;
				CLANG_WARN_BOOL_CONVERSION = YES;
				CLANG_WARN_COMMA = YES;
				CLANG_WARN_CONSTANT_CONVERSION = YES;
				CLANG_WARN_DEPRECATED_OBJC_IMPLEMENTATIONS = YES;
				CLANG_WARN_DIRECT_OBJC_ISA_USAGE = YES_ERROR;
				CLANG_WARN_DOCUMENTATION_COMMENTS = YES;
				CLANG_WARN_EMPTY_BODY = YES;
				CLANG_WARN_ENUM_CONVERSION = YES;
				CLANG_WARN_INFINITE_RECURSION = YES;
				CLANG_WARN_INT_CONVERSION = YES;
				CLANG_WARN_NON_LITERAL_NULL_CONVERSION = YES;
				CLANG_WARN_OBJC_IMPLICIT_RETAIN_SELF = YES;
				CLANG_WARN_OBJC_LITERAL_CONVERSION = YES;
				CLANG_WARN_OBJC_ROOT_CLASS = YES_ERROR;
				CLANG_WARN_QUOTED_INCLUDE_IN_FRAMEWORK_HEADER = YES;
				CLANG_WARN_RANGE_LOOP_ANALYSIS = YES;
				CLANG_WARN_STRICT_PROTOTYPES = YES;
				CLANG_WARN_SUSPICIOUS_MOVE = YES;
				CLANG_WARN_UNGUARDED_AVAILABILITY = YES_AGGRESSIVE;
				CLANG_WARN_UNREACHABLE_CODE = YES;
				CLANG_WARN__DUPLICATE_METHOD_MATCH = YES;
				COPY_PHASE_STRIP = NO;
				DEBUG_INFORMATION_FORMAT = dwarf;
				ENABLE_STRICT_OBJC_MSGSEND = YES;
				ENABLE_TESTABILITY = YES;
				GCC_C_LANGUAGE_STANDARD = gnu11;
				GCC_DYNAMIC_NO_PIC = NO;
				GCC_NO_COMMON_BLOCKS = YES;
				GCC_OPTIMIZATION_LEVEL = 0;
				GCC_PREPROCESSOR_DEFINITIONS = (
					"DEBUG=1",
					"$(inherited)",
				);
				GCC_WARN_64_TO_32_BIT_CONVERSION = YES;
				GCC_WARN_ABOUT_RETURN_TYPE = YES_ERROR;
				GCC_WARN_UNDECLARED_SELECTOR = YES;
				GCC_WARN_UNINITIALIZED_AUTOS = YES_AGGRESSIVE;
				GCC_WARN_UNUSED_FUNCTION = YES;
				GCC_WARN_UNUSED_VARIABLE = YES;
				MACOSX_DEPLOYMENT_TARGET = 10.15;
				MTL_ENABLE_DEBUG_INFO = INCLUDE_SOURCE;
				MTL_FAST_MATH = YES;
				ONLY_ACTIVE_ARCH = YES;
				SDKROOT = macosx;
				SWIFT_ACTIVE_COMPILATION_CONDITIONS = DEBUG;
				SWIFT_OPTIMIZATION_LEVEL = "-Onone";
			};
			name = Debug;
		};
		A3C9A0F7253E88570046A777 /* Release */ = {
			isa = XCBuildConfiguration;
			buildSettings = {
				ALWAYS_SEARCH_USER_PATHS = NO;
				CLANG_ANALYZER_NONNULL = YES;
				CLANG_ANALYZER_NUMBER_OBJECT_CONVERSION = YES_AGGRESSIVE;
				CLANG_CXX_LANGUAGE_STANDARD = "gnu++14";
				CLANG_CXX_LIBRARY = "libc++";
				CLANG_ENABLE_MODULES = YES;
				CLANG_ENABLE_OBJC_ARC = YES;
				CLANG_ENABLE_OBJC_WEAK = YES;
				CLANG_WARN_BLOCK_CAPTURE_AUTORELEASING = YES;
				CLANG_WARN_BOOL_CONVERSION = YES;
				CLANG_WARN_COMMA = YES;
				CLANG_WARN_CONSTANT_CONVERSION = YES;
				CLANG_WARN_DEPRECATED_OBJC_IMPLEMENTATIONS = YES;
				CLANG_WARN_DIRECT_OBJC_ISA_USAGE = YES_ERROR;
				CLANG_WARN_DOCUMENTATION_COMMENTS = YES;
				CLANG_WARN_EMPTY_BODY = YES;
				CLANG_WARN_ENUM_CONVERSION = YES;
				CLANG_WARN_INFINITE_RECURSION = YES;
				CLANG_WARN_INT_CONVERSION = YES;
				CLANG_WARN_NON_LITERAL_NULL_CONVERSION = YES;
				CLANG_WARN_OBJC_IMPLICIT_RETAIN_SELF = YES;
				CLANG_WARN_OBJC_LITERAL_CONVERSION = YES;
				CLANG_WARN_OBJC_ROOT_CLASS = YES_ERROR;
				CLANG_WARN_QUOTED_INCLUDE_IN_FRAMEWORK_HEADER = YES;
				CLANG_WARN_RANGE_LOOP_ANALYSIS = YES;
				CLANG_WARN_STRICT_PROTOTYPES = YES;
				CLANG_WARN_SUSPICIOUS_MOVE = YES;
				CLANG_WARN_UNGUARDED_AVAILABILITY = YES_AGGRESSIVE;
				CLANG_WARN_UNREACHABLE_CODE = YES;
				CLANG_WARN__DUPLICATE_METHOD_MATCH = YES;
				COPY_PHASE_STRIP = NO;
				DEBUG_INFORMATION_FORMAT = "dwarf-with-dsym";
				ENABLE_NS_ASSERTIONS = NO;
				ENABLE_STRICT_OBJC_MSGSEND = YES;
				GCC_C_LANGUAGE_STANDARD = gnu11;
				GCC_NO_COMMON_BLOCKS = YES;
				GCC_WARN_64_TO_32_BIT_CONVERSION = YES;
				GCC_WARN_ABOUT_RETURN_TYPE = YES_ERROR;
				GCC_WARN_UNDECLARED_SELECTOR = YES;
				GCC_WARN_UNINITIALIZED_AUTOS = YES_AGGRESSIVE;
				GCC_WARN_UNUSED_FUNCTION = YES;
				GCC_WARN_UNUSED_VARIABLE = YES;
				MACOSX_DEPLOYMENT_TARGET = 10.15;
				MTL_ENABLE_DEBUG_INFO = NO;
				MTL_FAST_MATH = YES;
				SDKROOT = macosx;
				SWIFT_COMPILATION_MODE = wholemodule;
				SWIFT_OPTIMIZATION_LEVEL = "-O";
			};
			name = Release;
		};
		A3C9A0F9253E88570046A777 /* Debug */ = {
			isa = XCBuildConfiguration;
			buildSettings = {
				CODE_SIGN_ENTITLEMENTS = "CanvasGrade++ Extension/CanvasGrade___Extension.entitlements";
				CODE_SIGN_STYLE = Automatic;
				INFOPLIST_FILE = "CanvasGrade++ Extension/Info.plist";
				LD_RUNPATH_SEARCH_PATHS = (
					"$(inherited)",
					"@executable_path/../Frameworks",
					"@executable_path/../../../../Frameworks",
				);
				MACOSX_DEPLOYMENT_TARGET = 10.14;
				PRODUCT_BUNDLE_IDENTIFIER = "Jack-Hughes.CanvasGrade---Extension";
				PRODUCT_NAME = "$(TARGET_NAME)";
				SKIP_INSTALL = YES;
				SWIFT_VERSION = 5.0;
			};
			name = Debug;
		};
		A3C9A0FA253E88570046A777 /* Release */ = {
			isa = XCBuildConfiguration;
			buildSettings = {
				CODE_SIGN_ENTITLEMENTS = "CanvasGrade++ Extension/CanvasGrade___Extension.entitlements";
				CODE_SIGN_STYLE = Automatic;
				INFOPLIST_FILE = "CanvasGrade++ Extension/Info.plist";
				LD_RUNPATH_SEARCH_PATHS = (
					"$(inherited)",
					"@executable_path/../Frameworks",
					"@executable_path/../../../../Frameworks",
				);
				MACOSX_DEPLOYMENT_TARGET = 10.14;
				PRODUCT_BUNDLE_IDENTIFIER = "Jack-Hughes.CanvasGrade---Extension";
				PRODUCT_NAME = "$(TARGET_NAME)";
				SKIP_INSTALL = YES;
				SWIFT_VERSION = 5.0;
			};
			name = Release;
		};
		A3C9A0FD253E88570046A777 /* Debug */ = {
			isa = XCBuildConfiguration;
			buildSettings = {
				ALWAYS_EMBED_SWIFT_STANDARD_LIBRARIES = YES;
				ASSETCATALOG_COMPILER_APPICON_NAME = AppIcon;
				ASSETCATALOG_COMPILER_GLOBAL_ACCENT_COLOR_NAME = AccentColor;
				CODE_SIGN_ENTITLEMENTS = "CanvasGrade++/CanvasGrade__.entitlements";
				CODE_SIGN_STYLE = Automatic;
				COMBINE_HIDPI_IMAGES = YES;
				INFOPLIST_FILE = "CanvasGrade++/Info.plist";
				LD_RUNPATH_SEARCH_PATHS = (
					"$(inherited)",
					"@executable_path/../Frameworks",
				);
				MACOSX_DEPLOYMENT_TARGET = 10.14;
				PRODUCT_BUNDLE_IDENTIFIER = "Jack-Hughes.CanvasGrade--";
				PRODUCT_NAME = "$(TARGET_NAME)";
				SWIFT_VERSION = 5.0;
			};
			name = Debug;
		};
		A3C9A0FE253E88570046A777 /* Release */ = {
			isa = XCBuildConfiguration;
			buildSettings = {
				ALWAYS_EMBED_SWIFT_STANDARD_LIBRARIES = YES;
				ASSETCATALOG_COMPILER_APPICON_NAME = AppIcon;
				ASSETCATALOG_COMPILER_GLOBAL_ACCENT_COLOR_NAME = AccentColor;
				CODE_SIGN_ENTITLEMENTS = "CanvasGrade++/CanvasGrade__.entitlements";
				CODE_SIGN_STYLE = Automatic;
				COMBINE_HIDPI_IMAGES = YES;
				INFOPLIST_FILE = "CanvasGrade++/Info.plist";
				LD_RUNPATH_SEARCH_PATHS = (
					"$(inherited)",
					"@executable_path/../Frameworks",
				);
				MACOSX_DEPLOYMENT_TARGET = 10.14;
				PRODUCT_BUNDLE_IDENTIFIER = "Jack-Hughes.CanvasGrade--";
				PRODUCT_NAME = "$(TARGET_NAME)";
				SWIFT_VERSION = 5.0;
			};
			name = Release;
		};
		A3C9A100253E88570046A777 /* Debug */ = {
			isa = XCBuildConfiguration;
			buildSettings = {
				ALWAYS_EMBED_SWIFT_STANDARD_LIBRARIES = YES;
				BUNDLE_LOADER = "$(TEST_HOST)";
				CODE_SIGN_STYLE = Automatic;
				COMBINE_HIDPI_IMAGES = YES;
				INFOPLIST_FILE = "CanvasGrade++Tests/Info.plist";
				LD_RUNPATH_SEARCH_PATHS = (
					"$(inherited)",
					"@executable_path/../Frameworks",
					"@loader_path/../Frameworks",
				);
				MACOSX_DEPLOYMENT_TARGET = 10.14;
				PRODUCT_BUNDLE_IDENTIFIER = "Jack-Hughes.CanvasGrade--Tests";
				PRODUCT_NAME = "$(TARGET_NAME)";
				SWIFT_VERSION = 5.0;
				TEST_HOST = "$(BUILT_PRODUCTS_DIR)/CanvasGrade++.app/Contents/MacOS/CanvasGrade++";
			};
			name = Debug;
		};
		A3C9A101253E88570046A777 /* Release */ = {
			isa = XCBuildConfiguration;
			buildSettings = {
				ALWAYS_EMBED_SWIFT_STANDARD_LIBRARIES = YES;
				BUNDLE_LOADER = "$(TEST_HOST)";
				CODE_SIGN_STYLE = Automatic;
				COMBINE_HIDPI_IMAGES = YES;
				INFOPLIST_FILE = "CanvasGrade++Tests/Info.plist";
				LD_RUNPATH_SEARCH_PATHS = (
					"$(inherited)",
					"@executable_path/../Frameworks",
					"@loader_path/../Frameworks",
				);
				MACOSX_DEPLOYMENT_TARGET = 10.14;
				PRODUCT_BUNDLE_IDENTIFIER = "Jack-Hughes.CanvasGrade--Tests";
				PRODUCT_NAME = "$(TARGET_NAME)";
				SWIFT_VERSION = 5.0;
				TEST_HOST = "$(BUILT_PRODUCTS_DIR)/CanvasGrade++.app/Contents/MacOS/CanvasGrade++";
			};
			name = Release;
		};
		A3C9A103253E88570046A777 /* Debug */ = {
			isa = XCBuildConfiguration;
			buildSettings = {
				ALWAYS_EMBED_SWIFT_STANDARD_LIBRARIES = YES;
				CODE_SIGN_STYLE = Automatic;
				COMBINE_HIDPI_IMAGES = YES;
				INFOPLIST_FILE = "CanvasGrade++UITests/Info.plist";
				LD_RUNPATH_SEARCH_PATHS = (
					"$(inherited)",
					"@executable_path/../Frameworks",
					"@loader_path/../Frameworks",
				);
				PRODUCT_BUNDLE_IDENTIFIER = "Jack-Hughes.CanvasGrade--UITests";
				PRODUCT_NAME = "$(TARGET_NAME)";
				SWIFT_VERSION = 5.0;
				TEST_TARGET_NAME = "CanvasGrade++";
			};
			name = Debug;
		};
		A3C9A104253E88570046A777 /* Release */ = {
			isa = XCBuildConfiguration;
			buildSettings = {
				ALWAYS_EMBED_SWIFT_STANDARD_LIBRARIES = YES;
				CODE_SIGN_STYLE = Automatic;
				COMBINE_HIDPI_IMAGES = YES;
				INFOPLIST_FILE = "CanvasGrade++UITests/Info.plist";
				LD_RUNPATH_SEARCH_PATHS = (
					"$(inherited)",
					"@executable_path/../Frameworks",
					"@loader_path/../Frameworks",
				);
				PRODUCT_BUNDLE_IDENTIFIER = "Jack-Hughes.CanvasGrade--UITests";
				PRODUCT_NAME = "$(TARGET_NAME)";
				SWIFT_VERSION = 5.0;
				TEST_TARGET_NAME = "CanvasGrade++";
			};
			name = Release;
		};
/* End XCBuildConfiguration section */

/* Begin XCConfigurationList section */
		A3C9A0AC253E88560046A777 /* Build configuration list for PBXProject "CanvasGrade++" */ = {
			isa = XCConfigurationList;
			buildConfigurations = (
				A3C9A0F6253E88570046A777 /* Debug */,
				A3C9A0F7253E88570046A777 /* Release */,
			);
			defaultConfigurationIsVisible = 0;
			defaultConfigurationName = Release;
		};
		A3C9A0F8253E88570046A777 /* Build configuration list for PBXNativeTarget "CanvasGrade++ Extension" */ = {
			isa = XCConfigurationList;
			buildConfigurations = (
				A3C9A0F9253E88570046A777 /* Debug */,
				A3C9A0FA253E88570046A777 /* Release */,
			);
			defaultConfigurationIsVisible = 0;
			defaultConfigurationName = Release;
		};
		A3C9A0FC253E88570046A777 /* Build configuration list for PBXNativeTarget "CanvasGrade++" */ = {
			isa = XCConfigurationList;
			buildConfigurations = (
				A3C9A0FD253E88570046A777 /* Debug */,
				A3C9A0FE253E88570046A777 /* Release */,
			);
			defaultConfigurationIsVisible = 0;
			defaultConfigurationName = Release;
		};
		A3C9A0FF253E88570046A777 /* Build configuration list for PBXNativeTarget "CanvasGrade++Tests" */ = {
			isa = XCConfigurationList;
			buildConfigurations = (
				A3C9A100253E88570046A777 /* Debug */,
				A3C9A101253E88570046A777 /* Release */,
			);
			defaultConfigurationIsVisible = 0;
			defaultConfigurationName = Release;
		};
		A3C9A102253E88570046A777 /* Build configuration list for PBXNativeTarget "CanvasGrade++UITests" */ = {
			isa = XCConfigurationList;
			buildConfigurations = (
				A3C9A103253E88570046A777 /* Debug */,
				A3C9A104253E88570046A777 /* Release */,
			);
			defaultConfigurationIsVisible = 0;
			defaultConfigurationName = Release;
		};
/* End XCConfigurationList section */
	};
	rootObject = A3C9A0A9253E88560046A777 /* Project object */;
}
